<?xml version="1.0" encoding="utf-8"?>
<Project ToolsVersion="4.0" xmlns="http://schemas.microsoft.com/developer/msbuild/2003">
  <ItemGroup>
    <ClCompile Include="Source.cpp" />
  </ItemGroup>
  <ItemGroup>
    <Filter Include="Headers">
      <UniqueIdentifier>{85eab7b7-d38f-49c3-9ec7-fc85986603fc}</UniqueIdentifier>
    </Filter>
  </ItemGroup>
  <ItemGroup>
    <ClInclude Include="Cube.h">
      <Filter>Headers</Filter>
    </ClInclude>
    <ClInclude Include="Shape.h">
      <Filter>Headers</Filter>
    </ClInclude>
  </ItemGroup>
</Project>